
Microsoft Visual Studio Solution File, Format Version 12.00
# Visual Studio 2012
Project("{FAE04EC0-301F-11D3-BF4B-00C04F79EFBC}") = "SymbolsAndWords", "SymbolsAndWords\SymbolsAndWords.csproj", "{896614DE-1FB8-41C6-9177-6486D1F9261F}"
EndProject
Global
	GlobalSection(SolutionConfigurationPlatforms) = preSolution
		Debug|Any CPU = Debug|Any CPU
		Release|Any CPU = Release|Any CPU
	EndGlobalSection
	GlobalSection(ProjectConfigurationPlatforms) = postSolution
		{896614DE-1FB8-41C6-9177-6486D1F9261F}.Debug|Any CPU.ActiveCfg = Debug|Any CPU
		{896614DE-1FB8-41C6-9177-6486D1F9261F}.Debug|Any CPU.Build.0 = Debug|Any CPU
		{896614DE-1FB8-41C6-9177-6486D1F9261F}.Release|Any CPU.ActiveCfg = Release|Any CPU
		{896614DE-1FB8-41C6-9177-6486D1F9261F}.Release|Any CPU.Build.0 = Release|Any CPU
	EndGlobalSection
	GlobalSection(SolutionProperties) = preSolution
		HideSolutionNode = FALSE
	EndGlobalSection
EndGlobal
